// !$*UTF8*$!
{
	archiveVersion = 1;
	classes = {
	};
	objectVersion = 56;
	objects = {

/* Begin PBXBuildFile section */
		3B96D1A42A8E36F900583407 /* SearchViewController.swift in Sources */ = {isa = PBXBuildFile; fileRef = 3B96D1A32A8E36F900583407 /* SearchViewController.swift */; };
		3B96D1A62A8E372E00583407 /* SearchPage.storyboard in Resources */ = {isa = PBXBuildFile; fileRef = 3B96D1A52A8E372E00583407 /* SearchPage.storyboard */; };
		69925E722A89E56200EC6D7C /* AppDelegate.swift in Sources */ = {isa = PBXBuildFile; fileRef = 69925E712A89E56200EC6D7C /* AppDelegate.swift */; };
		69925E742A89E56200EC6D7C /* SceneDelegate.swift in Sources */ = {isa = PBXBuildFile; fileRef = 69925E732A89E56200EC6D7C /* SceneDelegate.swift */; };
		69925E762A89E56200EC6D7C /* MainPageViewController.swift in Sources */ = {isa = PBXBuildFile; fileRef = 69925E752A89E56200EC6D7C /* MainPageViewController.swift */; };
		69925E792A89E56200EC6D7C /* MainPage.storyboard in Resources */ = {isa = PBXBuildFile; fileRef = 69925E772A89E56200EC6D7C /* MainPage.storyboard */; };
		69925E7B2A89E56400EC6D7C /* Assets.xcassets in Resources */ = {isa = PBXBuildFile; fileRef = 69925E7A2A89E56400EC6D7C /* Assets.xcassets */; };
		69925E7E2A89E56400EC6D7C /* LaunchScreen.storyboard in Resources */ = {isa = PBXBuildFile; fileRef = 69925E7C2A89E56400EC6D7C /* LaunchScreen.storyboard */; };
		69925E862A89E5EB00EC6D7C /* .gitignore in Resources */ = {isa = PBXBuildFile; fileRef = 69925E852A89E5EA00EC6D7C /* .gitignore */; };
		69925E8C2A89F1F900EC6D7C /* Models.swift in Sources */ = {isa = PBXBuildFile; fileRef = 69925E8B2A89F1F900EC6D7C /* Models.swift */; };
		69925E8E2A8A163400EC6D7C /* MainTableViewCell.swift in Sources */ = {isa = PBXBuildFile; fileRef = 69925E8D2A8A163400EC6D7C /* MainTableViewCell.swift */; };
		69D997EA2A8DD7DD0031B92C /* DetailPageViewController.swift in Sources */ = {isa = PBXBuildFile; fileRef = 69D997E92A8DD7DD0031B92C /* DetailPageViewController.swift */; };
		7EFD204A2A8E366C00E9FC61 /* NotificationPage.storyboard in Resources */ = {isa = PBXBuildFile; fileRef = 7EFD20492A8E366C00E9FC61 /* NotificationPage.storyboard */; };
		7EFD204C2A8E368400E9FC61 /* NotificationPageViewController.swift in Sources */ = {isa = PBXBuildFile; fileRef = 7EFD204B2A8E368400E9FC61 /* NotificationPageViewController.swift */; };
		D22BF9DD2A8AA28300CB22FF /* ProfilePage.storyboard in Resources */ = {isa = PBXBuildFile; fileRef = D22BF9DC2A8AA28300CB22FF /* ProfilePage.storyboard */; };
		D2AA11E42A8ACF76005431E1 /* Extensions.swift in Sources */ = {isa = PBXBuildFile; fileRef = D2AA11E32A8ACF76005431E1 /* Extensions.swift */; };
		D2AA11E62A8ACFE1005431E1 /* ProfilePageViewController.swift in Sources */ = {isa = PBXBuildFile; fileRef = D2AA11E52A8ACFE1005431E1 /* ProfilePageViewController.swift */; };
		D2AA11E82A8AD033005431E1 /* EditProfilePageViewController.swift in Sources */ = {isa = PBXBuildFile; fileRef = D2AA11E72A8AD033005431E1 /* EditProfilePageViewController.swift */; };
		D2BD05942A8DAF2C0087BDFB /* SignUpPage.storyboard in Resources */ = {isa = PBXBuildFile; fileRef = D2BD05932A8DAF2C0087BDFB /* SignUpPage.storyboard */; };
		D2BD05962A8DB4600087BDFB /* SignUpViewController.swift in Sources */ = {isa = PBXBuildFile; fileRef = D2BD05952A8DB4600087BDFB /* SignUpViewController.swift */; };
		D2BD059B2A8DE3A70087BDFB /* SignInPage.storyboard in Resources */ = {isa = PBXBuildFile; fileRef = D2BD059A2A8DE3A70087BDFB /* SignInPage.storyboard */; };
		D2BD059D2A8DE8960087BDFB /* SignInViewController.swift in Sources */ = {isa = PBXBuildFile; fileRef = D2BD059C2A8DE8960087BDFB /* SignInViewController.swift */; };
		D2BD059F2A8E3EF80087BDFB /* AddPostPage.storyboard in Resources */ = {isa = PBXBuildFile; fileRef = D2BD059E2A8E3EF80087BDFB /* AddPostPage.storyboard */; };
		D2BD05A12A8E3F110087BDFB /* AddPostViewController.swift in Sources */ = {isa = PBXBuildFile; fileRef = D2BD05A02A8E3F110087BDFB /* AddPostViewController.swift */; };
/* End PBXBuildFile section */

/* Begin PBXFileReference section */
		3B96D1A32A8E36F900583407 /* SearchViewController.swift */ = {isa = PBXFileReference; lastKnownFileType = sourcecode.swift; path = SearchViewController.swift; sourceTree = "<group>"; };
		3B96D1A52A8E372E00583407 /* SearchPage.storyboard */ = {isa = PBXFileReference; lastKnownFileType = file.storyboard; path = SearchPage.storyboard; sourceTree = "<group>"; };
		69925E6E2A89E56200EC6D7C /* xinsta.app */ = {isa = PBXFileReference; explicitFileType = wrapper.application; includeInIndex = 0; path = xinsta.app; sourceTree = BUILT_PRODUCTS_DIR; };
		69925E712A89E56200EC6D7C /* AppDelegate.swift */ = {isa = PBXFileReference; lastKnownFileType = sourcecode.swift; path = AppDelegate.swift; sourceTree = "<group>"; };
		69925E732A89E56200EC6D7C /* SceneDelegate.swift */ = {isa = PBXFileReference; lastKnownFileType = sourcecode.swift; path = SceneDelegate.swift; sourceTree = "<group>"; };
		69925E752A89E56200EC6D7C /* MainPageViewController.swift */ = {isa = PBXFileReference; lastKnownFileType = sourcecode.swift; path = MainPageViewController.swift; sourceTree = "<group>"; };
		69925E782A89E56200EC6D7C /* Base */ = {isa = PBXFileReference; lastKnownFileType = file.storyboard; name = Base; path = Base.lproj/MainPage.storyboard; sourceTree = "<group>"; };
		69925E7A2A89E56400EC6D7C /* Assets.xcassets */ = {isa = PBXFileReference; lastKnownFileType = folder.assetcatalog; path = Assets.xcassets; sourceTree = "<group>"; };
		69925E7D2A89E56400EC6D7C /* Base */ = {isa = PBXFileReference; lastKnownFileType = file.storyboard; name = Base; path = Base.lproj/LaunchScreen.storyboard; sourceTree = "<group>"; };
		69925E7F2A89E56400EC6D7C /* Info.plist */ = {isa = PBXFileReference; lastKnownFileType = text.plist.xml; path = Info.plist; sourceTree = "<group>"; };
		69925E852A89E5EA00EC6D7C /* .gitignore */ = {isa = PBXFileReference; lastKnownFileType = text; path = .gitignore; sourceTree = "<group>"; };
		69925E8B2A89F1F900EC6D7C /* Models.swift */ = {isa = PBXFileReference; lastKnownFileType = sourcecode.swift; path = Models.swift; sourceTree = "<group>"; };
		69925E8D2A8A163400EC6D7C /* MainTableViewCell.swift */ = {isa = PBXFileReference; lastKnownFileType = sourcecode.swift; path = MainTableViewCell.swift; sourceTree = "<group>"; };
		69D997E92A8DD7DD0031B92C /* DetailPageViewController.swift */ = {isa = PBXFileReference; lastKnownFileType = sourcecode.swift; path = DetailPageViewController.swift; sourceTree = "<group>"; };
		7EFD20492A8E366C00E9FC61 /* NotificationPage.storyboard */ = {isa = PBXFileReference; lastKnownFileType = file.storyboard; path = NotificationPage.storyboard; sourceTree = "<group>"; };
		7EFD204B2A8E368400E9FC61 /* NotificationPageViewController.swift */ = {isa = PBXFileReference; lastKnownFileType = sourcecode.swift; path = NotificationPageViewController.swift; sourceTree = "<group>"; };
		D22BF9DC2A8AA28300CB22FF /* ProfilePage.storyboard */ = {isa = PBXFileReference; lastKnownFileType = file.storyboard; path = ProfilePage.storyboard; sourceTree = "<group>"; };
		D2AA11E32A8ACF76005431E1 /* Extensions.swift */ = {isa = PBXFileReference; lastKnownFileType = sourcecode.swift; path = Extensions.swift; sourceTree = "<group>"; };
		D2AA11E52A8ACFE1005431E1 /* ProfilePageViewController.swift */ = {isa = PBXFileReference; lastKnownFileType = sourcecode.swift; path = ProfilePageViewController.swift; sourceTree = "<group>"; };
		D2AA11E72A8AD033005431E1 /* EditProfilePageViewController.swift */ = {isa = PBXFileReference; lastKnownFileType = sourcecode.swift; path = EditProfilePageViewController.swift; sourceTree = "<group>"; };
		D2BD05932A8DAF2C0087BDFB /* SignUpPage.storyboard */ = {isa = PBXFileReference; lastKnownFileType = file.storyboard; path = SignUpPage.storyboard; sourceTree = "<group>"; };
		D2BD05952A8DB4600087BDFB /* SignUpViewController.swift */ = {isa = PBXFileReference; lastKnownFileType = sourcecode.swift; path = SignUpViewController.swift; sourceTree = "<group>"; };
		D2BD059A2A8DE3A70087BDFB /* SignInPage.storyboard */ = {isa = PBXFileReference; lastKnownFileType = file.storyboard; path = SignInPage.storyboard; sourceTree = "<group>"; };
		D2BD059C2A8DE8960087BDFB /* SignInViewController.swift */ = {isa = PBXFileReference; lastKnownFileType = sourcecode.swift; path = SignInViewController.swift; sourceTree = "<group>"; };
		D2BD059E2A8E3EF80087BDFB /* AddPostPage.storyboard */ = {isa = PBXFileReference; lastKnownFileType = file.storyboard; path = AddPostPage.storyboard; sourceTree = "<group>"; };
		D2BD05A02A8E3F110087BDFB /* AddPostViewController.swift */ = {isa = PBXFileReference; lastKnownFileType = sourcecode.swift; path = AddPostViewController.swift; sourceTree = "<group>"; };
/* End PBXFileReference section */

/* Begin PBXFrameworksBuildPhase section */
		69925E6B2A89E56200EC6D7C /* Frameworks */ = {
			isa = PBXFrameworksBuildPhase;
			buildActionMask = 2147483647;
			files = (
			);
			runOnlyForDeploymentPostprocessing = 0;
		};
/* End PBXFrameworksBuildPhase section */

/* Begin PBXGroup section */
		69925E652A89E56200EC6D7C = {
			isa = PBXGroup;
			children = (
				69925E702A89E56200EC6D7C /* xinsta */,
				69925E6F2A89E56200EC6D7C /* Products */,
			);
			sourceTree = "<group>";
		};
		69925E6F2A89E56200EC6D7C /* Products */ = {
			isa = PBXGroup;
			children = (
				69925E6E2A89E56200EC6D7C /* xinsta.app */,
			);
			name = Products;
			sourceTree = "<group>";
		};
		69925E702A89E56200EC6D7C /* xinsta */ = {
			isa = PBXGroup;
			children = (
				69925E882A89F17300EC6D7C /* Views */,
				69925E872A89F15700EC6D7C /* Controllers */,
				69925E892A89F18600EC6D7C /* Models */,
				69925E8A2A89F1B800EC6D7C /* Resources */,
				69925E7A2A89E56400EC6D7C /* Assets.xcassets */,
				69925E7C2A89E56400EC6D7C /* LaunchScreen.storyboard */,
				69925E7F2A89E56400EC6D7C /* Info.plist */,
				69925E852A89E5EA00EC6D7C /* .gitignore */,
			);
			path = xinsta;
			sourceTree = "<group>";
		};
		69925E872A89F15700EC6D7C /* Controllers */ = {
			isa = PBXGroup;
			children = (
				69925E752A89E56200EC6D7C /* MainPageViewController.swift */,
				D2AA11E52A8ACFE1005431E1 /* ProfilePageViewController.swift */,
				D2AA11E72A8AD033005431E1 /* EditProfilePageViewController.swift */,
				69D997E92A8DD7DD0031B92C /* DetailPageViewController.swift */,
				3B96D1A32A8E36F900583407 /* SearchViewController.swift */,
				69925E8D2A8A163400EC6D7C /* MainTableViewCell.swift */,
				D2BD05952A8DB4600087BDFB /* SignUpViewController.swift */,
				D2BD059C2A8DE8960087BDFB /* SignInViewController.swift */,
				7EFD204B2A8E368400E9FC61 /* NotificationPageViewController.swift */,
				D2BD05A02A8E3F110087BDFB /* AddPostViewController.swift */,
			);
			path = Controllers;
			sourceTree = "<group>";
		};
		69925E882A89F17300EC6D7C /* Views */ = {
			isa = PBXGroup;
			children = (
				69925E772A89E56200EC6D7C /* MainPage.storyboard */,
				D22BF9DC2A8AA28300CB22FF /* ProfilePage.storyboard */,
				D2BD05932A8DAF2C0087BDFB /* SignUpPage.storyboard */,
				D2BD059A2A8DE3A70087BDFB /* SignInPage.storyboard */,
				3B96D1A52A8E372E00583407 /* SearchPage.storyboard */,
				7EFD20492A8E366C00E9FC61 /* NotificationPage.storyboard */,
				D2BD059E2A8E3EF80087BDFB /* AddPostPage.storyboard */,
			);
			path = Views;
			sourceTree = "<group>";
		};
		69925E892A89F18600EC6D7C /* Models */ = {
			isa = PBXGroup;
			children = (
				69925E8B2A89F1F900EC6D7C /* Models.swift */,
			);
			path = Models;
			sourceTree = "<group>";
		};
		69925E8A2A89F1B800EC6D7C /* Resources */ = {
			isa = PBXGroup;
			children = (
				69925E712A89E56200EC6D7C /* AppDelegate.swift */,
				69925E732A89E56200EC6D7C /* SceneDelegate.swift */,
				D2AA11E32A8ACF76005431E1 /* Extensions.swift */,
			);
			path = Resources;
			sourceTree = "<group>";
		};
/* End PBXGroup section */

/* Begin PBXNativeTarget section */
		69925E6D2A89E56200EC6D7C /* xinsta */ = {
			isa = PBXNativeTarget;
			buildConfigurationList = 69925E822A89E56400EC6D7C /* Build configuration list for PBXNativeTarget "xinsta" */;
			buildPhases = (
				69925E6A2A89E56200EC6D7C /* Sources */,
				69925E6B2A89E56200EC6D7C /* Frameworks */,
				69925E6C2A89E56200EC6D7C /* Resources */,
			);
			buildRules = (
			);
			dependencies = (
			);
			name = xinsta;
			productName = xinsta;
			productReference = 69925E6E2A89E56200EC6D7C /* xinsta.app */;
			productType = "com.apple.product-type.application";
		};
/* End PBXNativeTarget section */

/* Begin PBXProject section */
		69925E662A89E56200EC6D7C /* Project object */ = {
			isa = PBXProject;
			attributes = {
				BuildIndependentTargetsInParallel = 1;
				LastSwiftUpdateCheck = 1430;
				LastUpgradeCheck = 1430;
				TargetAttributes = {
					69925E6D2A89E56200EC6D7C = {
						CreatedOnToolsVersion = 14.3.1;
					};
				};
			};
			buildConfigurationList = 69925E692A89E56200EC6D7C /* Build configuration list for PBXProject "xinsta" */;
			compatibilityVersion = "Xcode 14.0";
			developmentRegion = en;
			hasScannedForEncodings = 0;
			knownRegions = (
				en,
				Base,
			);
			mainGroup = 69925E652A89E56200EC6D7C;
			productRefGroup = 69925E6F2A89E56200EC6D7C /* Products */;
			projectDirPath = "";
			projectRoot = "";
			targets = (
				69925E6D2A89E56200EC6D7C /* xinsta */,
			);
		};
/* End PBXProject section */

/* Begin PBXResourcesBuildPhase section */
		69925E6C2A89E56200EC6D7C /* Resources */ = {
			isa = PBXResourcesBuildPhase;
			buildActionMask = 2147483647;
			files = (
				D2BD059B2A8DE3A70087BDFB /* SignInPage.storyboard in Resources */,
				D2BD059F2A8E3EF80087BDFB /* AddPostPage.storyboard in Resources */,
				69925E862A89E5EB00EC6D7C /* .gitignore in Resources */,
				D2BD05942A8DAF2C0087BDFB /* SignUpPage.storyboard in Resources */,
				69925E7E2A89E56400EC6D7C /* LaunchScreen.storyboard in Resources */,
				69925E7B2A89E56400EC6D7C /* Assets.xcassets in Resources */,
				D22BF9DD2A8AA28300CB22FF /* ProfilePage.storyboard in Resources */,
				7EFD204A2A8E366C00E9FC61 /* NotificationPage.storyboard in Resources */,
				69925E792A89E56200EC6D7C /* MainPage.storyboard in Resources */,
				3B96D1A62A8E372E00583407 /* SearchPage.storyboard in Resources */,
			);
			runOnlyForDeploymentPostprocessing = 0;
		};
/* End PBXResourcesBuildPhase section */

/* Begin PBXSourcesBuildPhase section */
		69925E6A2A89E56200EC6D7C /* Sources */ = {
			isa = PBXSourcesBuildPhase;
			buildActionMask = 2147483647;
			files = (
				D2AA11E42A8ACF76005431E1 /* Extensions.swift in Sources */,
				D2AA11E62A8ACFE1005431E1 /* ProfilePageViewController.swift in Sources */,
				D2AA11E82A8AD033005431E1 /* EditProfilePageViewController.swift in Sources */,
				69925E762A89E56200EC6D7C /* MainPageViewController.swift in Sources */,
				69925E722A89E56200EC6D7C /* AppDelegate.swift in Sources */,
				69D997EA2A8DD7DD0031B92C /* DetailPageViewController.swift in Sources */,
				D2BD05A12A8E3F110087BDFB /* AddPostViewController.swift in Sources */,
				3B96D1A42A8E36F900583407 /* SearchViewController.swift in Sources */,
				69925E8E2A8A163400EC6D7C /* MainTableViewCell.swift in Sources */,
				D2BD05962A8DB4600087BDFB /* SignUpViewController.swift in Sources */,
				69925E742A89E56200EC6D7C /* SceneDelegate.swift in Sources */,
				D2BD059D2A8DE8960087BDFB /* SignInViewController.swift in Sources */,
				7EFD204C2A8E368400E9FC61 /* NotificationPageViewController.swift in Sources */,
				69925E8C2A89F1F900EC6D7C /* Models.swift in Sources */,
			);
			runOnlyForDeploymentPostprocessing = 0;
		};
/* End PBXSourcesBuildPhase section */

/* Begin PBXVariantGroup section */
		69925E772A89E56200EC6D7C /* MainPage.storyboard */ = {
			isa = PBXVariantGroup;
			children = (
				69925E782A89E56200EC6D7C /* Base */,
			);
			name = MainPage.storyboard;
			sourceTree = "<group>";
		};
		69925E7C2A89E56400EC6D7C /* LaunchScreen.storyboard */ = {
			isa = PBXVariantGroup;
			children = (
				69925E7D2A89E56400EC6D7C /* Base */,
			);
			name = LaunchScreen.storyboard;
			sourceTree = "<group>";
		};
/* End PBXVariantGroup section */

/* Begin XCBuildConfiguration section */
		69925E802A89E56400EC6D7C /* Debug */ = {
			isa = XCBuildConfiguration;
			buildSettings = {
				ALWAYS_SEARCH_USER_PATHS = NO;
				CLANG_ANALYZER_NONNULL = YES;
				CLANG_ANALYZER_NUMBER_OBJECT_CONVERSION = YES_AGGRESSIVE;
				CLANG_CXX_LANGUAGE_STANDARD = "gnu++20";
				CLANG_ENABLE_MODULES = YES;
				CLANG_ENABLE_OBJC_ARC = YES;
				CLANG_ENABLE_OBJC_WEAK = YES;
				CLANG_WARN_BLOCK_CAPTURE_AUTORELEASING = YES;
				CLANG_WARN_BOOL_CONVERSION = YES;
				CLANG_WARN_COMMA = YES;
				CLANG_WARN_CONSTANT_CONVERSION = YES;
				CLANG_WARN_DEPRECATED_OBJC_IMPLEMENTATIONS = YES;
				CLANG_WARN_DIRECT_OBJC_ISA_USAGE = YES_ERROR;
				CLANG_WARN_DOCUMENTATION_COMMENTS = YES;
				CLANG_WARN_EMPTY_BODY = YES;
				CLANG_WARN_ENUM_CONVERSION = YES;
				CLANG_WARN_INFINITE_RECURSION = YES;
				CLANG_WARN_INT_CONVERSION = YES;
				CLANG_WARN_NON_LITERAL_NULL_CONVERSION = YES;
				CLANG_WARN_OBJC_IMPLICIT_RETAIN_SELF = YES;
				CLANG_WARN_OBJC_LITERAL_CONVERSION = YES;
				CLANG_WARN_OBJC_ROOT_CLASS = YES_ERROR;
				CLANG_WARN_QUOTED_INCLUDE_IN_FRAMEWORK_HEADER = YES;
				CLANG_WARN_RANGE_LOOP_ANALYSIS = YES;
				CLANG_WARN_STRICT_PROTOTYPES = YES;
				CLANG_WARN_SUSPICIOUS_MOVE = YES;
				CLANG_WARN_UNGUARDED_AVAILABILITY = YES_AGGRESSIVE;
				CLANG_WARN_UNREACHABLE_CODE = YES;
				CLANG_WARN__DUPLICATE_METHOD_MATCH = YES;
				COPY_PHASE_STRIP = NO;
				DEBUG_INFORMATION_FORMAT = dwarf;
				ENABLE_STRICT_OBJC_MSGSEND = YES;
				ENABLE_TESTABILITY = YES;
				GCC_C_LANGUAGE_STANDARD = gnu11;
				GCC_DYNAMIC_NO_PIC = NO;
				GCC_NO_COMMON_BLOCKS = YES;
				GCC_OPTIMIZATION_LEVEL = 0;
				GCC_PREPROCESSOR_DEFINITIONS = (
					"DEBUG=1",
					"$(inherited)",
				);
				GCC_WARN_64_TO_32_BIT_CONVERSION = YES;
				GCC_WARN_ABOUT_RETURN_TYPE = YES_ERROR;
				GCC_WARN_UNDECLARED_SELECTOR = YES;
				GCC_WARN_UNINITIALIZED_AUTOS = YES_AGGRESSIVE;
				GCC_WARN_UNUSED_FUNCTION = YES;
				GCC_WARN_UNUSED_VARIABLE = YES;
				IPHONEOS_DEPLOYMENT_TARGET = 16.4;
				MTL_ENABLE_DEBUG_INFO = INCLUDE_SOURCE;
				MTL_FAST_MATH = YES;
				ONLY_ACTIVE_ARCH = YES;
				SDKROOT = iphoneos;
				SWIFT_ACTIVE_COMPILATION_CONDITIONS = DEBUG;
				SWIFT_OPTIMIZATION_LEVEL = "-Onone";
			};
			name = Debug;
		};
		69925E812A89E56400EC6D7C /* Release */ = {
			isa = XCBuildConfiguration;
			buildSettings = {
				ALWAYS_SEARCH_USER_PATHS = NO;
				CLANG_ANALYZER_NONNULL = YES;
				CLANG_ANALYZER_NUMBER_OBJECT_CONVERSION = YES_AGGRESSIVE;
				CLANG_CXX_LANGUAGE_STANDARD = "gnu++20";
				CLANG_ENABLE_MODULES = YES;
				CLANG_ENABLE_OBJC_ARC = YES;
				CLANG_ENABLE_OBJC_WEAK = YES;
				CLANG_WARN_BLOCK_CAPTURE_AUTORELEASING = YES;
				CLANG_WARN_BOOL_CONVERSION = YES;
				CLANG_WARN_COMMA = YES;
				CLANG_WARN_CONSTANT_CONVERSION = YES;
				CLANG_WARN_DEPRECATED_OBJC_IMPLEMENTATIONS = YES;
				CLANG_WARN_DIRECT_OBJC_ISA_USAGE = YES_ERROR;
				CLANG_WARN_DOCUMENTATION_COMMENTS = YES;
				CLANG_WARN_EMPTY_BODY = YES;
				CLANG_WARN_ENUM_CONVERSION = YES;
				CLANG_WARN_INFINITE_RECURSION = YES;
				CLANG_WARN_INT_CONVERSION = YES;
				CLANG_WARN_NON_LITERAL_NULL_CONVERSION = YES;
				CLANG_WARN_OBJC_IMPLICIT_RETAIN_SELF = YES;
				CLANG_WARN_OBJC_LITERAL_CONVERSION = YES;
				CLANG_WARN_OBJC_ROOT_CLASS = YES_ERROR;
				CLANG_WARN_QUOTED_INCLUDE_IN_FRAMEWORK_HEADER = YES;
				CLANG_WARN_RANGE_LOOP_ANALYSIS = YES;
				CLANG_WARN_STRICT_PROTOTYPES = YES;
				CLANG_WARN_SUSPICIOUS_MOVE = YES;
				CLANG_WARN_UNGUARDED_AVAILABILITY = YES_AGGRESSIVE;
				CLANG_WARN_UNREACHABLE_CODE = YES;
				CLANG_WARN__DUPLICATE_METHOD_MATCH = YES;
				COPY_PHASE_STRIP = NO;
				DEBUG_INFORMATION_FORMAT = "dwarf-with-dsym";
				ENABLE_NS_ASSERTIONS = NO;
				ENABLE_STRICT_OBJC_MSGSEND = YES;
				GCC_C_LANGUAGE_STANDARD = gnu11;
				GCC_NO_COMMON_BLOCKS = YES;
				GCC_WARN_64_TO_32_BIT_CONVERSION = YES;
				GCC_WARN_ABOUT_RETURN_TYPE = YES_ERROR;
				GCC_WARN_UNDECLARED_SELECTOR = YES;
				GCC_WARN_UNINITIALIZED_AUTOS = YES_AGGRESSIVE;
				GCC_WARN_UNUSED_FUNCTION = YES;
				GCC_WARN_UNUSED_VARIABLE = YES;
				IPHONEOS_DEPLOYMENT_TARGET = 16.4;
				MTL_ENABLE_DEBUG_INFO = NO;
				MTL_FAST_MATH = YES;
				SDKROOT = iphoneos;
				SWIFT_COMPILATION_MODE = wholemodule;
				SWIFT_OPTIMIZATION_LEVEL = "-O";
				VALIDATE_PRODUCT = YES;
			};
			name = Release;
		};
		69925E832A89E56400EC6D7C /* Debug */ = {
			isa = XCBuildConfiguration;
			buildSettings = {
				ASSETCATALOG_COMPILER_APPICON_NAME = AppIcon;
				ASSETCATALOG_COMPILER_GLOBAL_ACCENT_COLOR_NAME = AccentColor;
				CODE_SIGN_STYLE = Automatic;
				CURRENT_PROJECT_VERSION = 1;
				GENERATE_INFOPLIST_FILE = YES;
				INFOPLIST_FILE = xinsta/Info.plist;
				INFOPLIST_KEY_UIApplicationSupportsIndirectInputEvents = YES;
				INFOPLIST_KEY_UILaunchStoryboardName = LaunchScreen;
				INFOPLIST_KEY_UIMainStoryboardFile = SignInPage;
				INFOPLIST_KEY_UISupportedInterfaceOrientations_iPad = "UIInterfaceOrientationPortrait UIInterfaceOrientationPortraitUpsideDown UIInterfaceOrientationLandscapeLeft UIInterfaceOrientationLandscapeRight";
				INFOPLIST_KEY_UISupportedInterfaceOrientations_iPhone = "UIInterfaceOrientationPortrait UIInterfaceOrientationLandscapeLeft UIInterfaceOrientationLandscapeRight";
				IPHONEOS_DEPLOYMENT_TARGET = 15.0;
				LD_RUNPATH_SEARCH_PATHS = (
					"$(inherited)",
					"@executable_path/Frameworks",
				);
				MARKETING_VERSION = 1.0;
				PRODUCT_BUNDLE_IDENTIFIER = com.example.xinsta;
				PRODUCT_NAME = "$(TARGET_NAME)";
				SUPPORTED_PLATFORMS = "iphoneos iphonesimulator";
				SUPPORTS_MACCATALYST = NO;
				SUPPORTS_MAC_DESIGNED_FOR_IPHONE_IPAD = NO;
				SWIFT_EMIT_LOC_STRINGS = YES;
				SWIFT_VERSION = 5.0;
				TARGETED_DEVICE_FAMILY = 1;
			};
			name = Debug;
		};
		69925E842A89E56400EC6D7C /* Release */ = {
			isa = XCBuildConfiguration;
			buildSettings = {
				ASSETCATALOG_COMPILER_APPICON_NAME = AppIcon;
				ASSETCATALOG_COMPILER_GLOBAL_ACCENT_COLOR_NAME = AccentColor;
				CODE_SIGN_STYLE = Automatic;
				CURRENT_PROJECT_VERSION = 1;
				GENERATE_INFOPLIST_FILE = YES;
				INFOPLIST_FILE = xinsta/Info.plist;
				INFOPLIST_KEY_UIApplicationSupportsIndirectInputEvents = YES;
				INFOPLIST_KEY_UILaunchStoryboardName = LaunchScreen;
				INFOPLIST_KEY_UIMainStoryboardFile = SignInPage;
				INFOPLIST_KEY_UISupportedInterfaceOrientations_iPad = "UIInterfaceOrientationPortrait UIInterfaceOrientationPortraitUpsideDown UIInterfaceOrientationLandscapeLeft UIInterfaceOrientationLandscapeRight";
				INFOPLIST_KEY_UISupportedInterfaceOrientations_iPhone = "UIInterfaceOrientationPortrait UIInterfaceOrientationLandscapeLeft UIInterfaceOrientationLandscapeRight";
				IPHONEOS_DEPLOYMENT_TARGET = 15.0;
				LD_RUNPATH_SEARCH_PATHS = (
					"$(inherited)",
					"@executable_path/Frameworks",
				);
				MARKETING_VERSION = 1.0;
				PRODUCT_BUNDLE_IDENTIFIER = com.example.xinsta;
				PRODUCT_NAME = "$(TARGET_NAME)";
				SUPPORTED_PLATFORMS = "iphoneos iphonesimulator";
				SUPPORTS_MACCATALYST = NO;
				SUPPORTS_MAC_DESIGNED_FOR_IPHONE_IPAD = NO;
				SWIFT_EMIT_LOC_STRINGS = YES;
				SWIFT_VERSION = 5.0;
				TARGETED_DEVICE_FAMILY = 1;
			};
			name = Release;
		};
/* End XCBuildConfiguration section */

/* Begin XCConfigurationList section */
		69925E692A89E56200EC6D7C /* Build configuration list for PBXProject "xinsta" */ = {
			isa = XCConfigurationList;
			buildConfigurations = (
				69925E802A89E56400EC6D7C /* Debug */,
				69925E812A89E56400EC6D7C /* Release */,
			);
			defaultConfigurationIsVisible = 0;
			defaultConfigurationName = Release;
		};
		69925E822A89E56400EC6D7C /* Build configuration list for PBXNativeTarget "xinsta" */ = {
			isa = XCConfigurationList;
			buildConfigurations = (
				69925E832A89E56400EC6D7C /* Debug */,
				69925E842A89E56400EC6D7C /* Release */,
			);
			defaultConfigurationIsVisible = 0;
			defaultConfigurationName = Release;
		};
/* End XCConfigurationList section */
	};
	rootObject = 69925E662A89E56200EC6D7C /* Project object */;
}
